
Microsoft Visual Studio Solution File, Format Version 12.00
# Visual Studio Version 17
VisualStudioVersion = 17.3.32825.248
MinimumVisualStudioVersion = 10.0.40219.1
Project("{2150E333-8FDC-42A3-9474-1A3956D46DE8}") = "Services", "Services", "{B0D73FCF-5D70-4AF4-91C3-7399ADF3FFDF}"
EndProject
Project("{2150E333-8FDC-42A3-9474-1A3956D46DE8}") = "Catalog", "Catalog", "{2867D8F6-FDE2-4A1B-A44E-EE834545BB70}"
EndProject
Project("{9A19103F-16F7-4668-BE54-9A1E7A4F7556}") = "Catalog.API", "Services\Catalog\Catalog.API\Catalog.API.csproj", "{FC3D7171-747C-4CCF-A8B6-F65AB88F9B43}"
EndProject
Project("{E53339B2-1760-4266-BCC7-CA923CBCF16C}") = "docker-compose", "docker-compose.dcproj", "{C92B03D4-71AE-4E91-B522-A3AEF5D1E18F}"
EndProject
Project("{2150E333-8FDC-42A3-9474-1A3956D46DE8}") = "Basket", "Basket", "{DF5F17F2-DEB6-4AB4-BA75-E684619D423B}"
EndProject
Project("{9A19103F-16F7-4668-BE54-9A1E7A4F7556}") = "Basket.Api", "Services\Basket\Basket.Api\Basket.Api.csproj", "{94CDDE80-E35C-4816-99C8-802EB105F2DD}"
EndProject
Project("{2150E333-8FDC-42A3-9474-1A3956D46DE8}") = "Discount", "Discount", "{611E48AD-8181-477C-9B11-E31A9F00AAE4}"
EndProject
Project("{FAE04EC0-301F-11D3-BF4B-00C04F79EFBC}") = "Discount.API", "Services\Discount\Discount.API\Discount.API.csproj", "{F9F49D6A-108D-4BAC-BDAE-FF642C3CF8D1}"
EndProject
Project("{FAE04EC0-301F-11D3-BF4B-00C04F79EFBC}") = "Discount.Grpc", "Services\Discount\Discount.Grpc\Discount.Grpc.csproj", "{FED637DA-4C7F-4AC3-9D97-B45137E3C553}"
EndProject
Global
	GlobalSection(SolutionConfigurationPlatforms) = preSolution
		Debug|Any CPU = Debug|Any CPU
		Release|Any CPU = Release|Any CPU
	EndGlobalSection
	GlobalSection(ProjectConfigurationPlatforms) = postSolution
		{FC3D7171-747C-4CCF-A8B6-F65AB88F9B43}.Debug|Any CPU.ActiveCfg = Debug|Any CPU
		{FC3D7171-747C-4CCF-A8B6-F65AB88F9B43}.Debug|Any CPU.Build.0 = Debug|Any CPU
		{FC3D7171-747C-4CCF-A8B6-F65AB88F9B43}.Release|Any CPU.ActiveCfg = Release|Any CPU
		{FC3D7171-747C-4CCF-A8B6-F65AB88F9B43}.Release|Any CPU.Build.0 = Release|Any CPU
		{C92B03D4-71AE-4E91-B522-A3AEF5D1E18F}.Debug|Any CPU.ActiveCfg = Debug|Any CPU
		{C92B03D4-71AE-4E91-B522-A3AEF5D1E18F}.Debug|Any CPU.Build.0 = Debug|Any CPU
		{C92B03D4-71AE-4E91-B522-A3AEF5D1E18F}.Release|Any CPU.ActiveCfg = Release|Any CPU
		{C92B03D4-71AE-4E91-B522-A3AEF5D1E18F}.Release|Any CPU.Build.0 = Release|Any CPU
		{94CDDE80-E35C-4816-99C8-802EB105F2DD}.Debug|Any CPU.ActiveCfg = Debug|Any CPU
		{94CDDE80-E35C-4816-99C8-802EB105F2DD}.Debug|Any CPU.Build.0 = Debug|Any CPU
		{94CDDE80-E35C-4816-99C8-802EB105F2DD}.Release|Any CPU.ActiveCfg = Release|Any CPU
		{94CDDE80-E35C-4816-99C8-802EB105F2DD}.Release|Any CPU.Build.0 = Release|Any CPU
		{F9F49D6A-108D-4BAC-BDAE-FF642C3CF8D1}.Debug|Any CPU.ActiveCfg = Debug|Any CPU
		{F9F49D6A-108D-4BAC-BDAE-FF642C3CF8D1}.Debug|Any CPU.Build.0 = Debug|Any CPU
		{F9F49D6A-108D-4BAC-BDAE-FF642C3CF8D1}.Release|Any CPU.ActiveCfg = Release|Any CPU
		{F9F49D6A-108D-4BAC-BDAE-FF642C3CF8D1}.Release|Any CPU.Build.0 = Release|Any CPU
		{FED637DA-4C7F-4AC3-9D97-B45137E3C553}.Debug|Any CPU.ActiveCfg = Debug|Any CPU
		{FED637DA-4C7F-4AC3-9D97-B45137E3C553}.Debug|Any CPU.Build.0 = Debug|Any CPU
		{FED637DA-4C7F-4AC3-9D97-B45137E3C553}.Release|Any CPU.ActiveCfg = Release|Any CPU
		{FED637DA-4C7F-4AC3-9D97-B45137E3C553}.Release|Any CPU.Build.0 = Release|Any CPU
	EndGlobalSection
	GlobalSection(SolutionProperties) = preSolution
		HideSolutionNode = FALSE
	EndGlobalSection
	GlobalSection(NestedProjects) = preSolution
		{2867D8F6-FDE2-4A1B-A44E-EE834545BB70} = {B0D73FCF-5D70-4AF4-91C3-7399ADF3FFDF}
		{FC3D7171-747C-4CCF-A8B6-F65AB88F9B43} = {2867D8F6-FDE2-4A1B-A44E-EE834545BB70}
		{DF5F17F2-DEB6-4AB4-BA75-E684619D423B} = {B0D73FCF-5D70-4AF4-91C3-7399ADF3FFDF}
		{94CDDE80-E35C-4816-99C8-802EB105F2DD} = {DF5F17F2-DEB6-4AB4-BA75-E684619D423B}
		{611E48AD-8181-477C-9B11-E31A9F00AAE4} = {B0D73FCF-5D70-4AF4-91C3-7399ADF3FFDF}
		{F9F49D6A-108D-4BAC-BDAE-FF642C3CF8D1} = {611E48AD-8181-477C-9B11-E31A9F00AAE4}
		{FED637DA-4C7F-4AC3-9D97-B45137E3C553} = {611E48AD-8181-477C-9B11-E31A9F00AAE4}
	EndGlobalSection
	GlobalSection(ExtensibilityGlobals) = postSolution
		SolutionGuid = {56BF389F-C066-44D5-A6F3-148502B94304}
	EndGlobalSection
EndGlobal
