
Microsoft Visual Studio Solution File, Format Version 12.00
# Visual Studio Version 17
VisualStudioVersion = 17.3.32825.248
MinimumVisualStudioVersion = 10.0.40219.1
Project("{2150E333-8FDC-42A3-9474-1A3956D46DE8}") = "Services", "Services", "{B0D73FCF-5D70-4AF4-91C3-7399ADF3FFDF}"
EndProject
Project("{2150E333-8FDC-42A3-9474-1A3956D46DE8}") = "Catalog", "Catalog", "{2867D8F6-FDE2-4A1B-A44E-EE834545BB70}"
EndProject
Project("{9A19103F-16F7-4668-BE54-9A1E7A4F7556}") = "Catalog.API", "Services\Catalog\Catalog.API\Catalog.API.csproj", "{FC3D7171-747C-4CCF-A8B6-F65AB88F9B43}"
EndProject
Project("{E53339B2-1760-4266-BCC7-CA923CBCF16C}") = "docker-compose", "docker-compose.dcproj", "{C92B03D4-71AE-4E91-B522-A3AEF5D1E18F}"
EndProject
Project("{2150E333-8FDC-42A3-9474-1A3956D46DE8}") = "Basket", "Basket", "{DF5F17F2-DEB6-4AB4-BA75-E684619D423B}"
EndProject
Project("{9A19103F-16F7-4668-BE54-9A1E7A4F7556}") = "Basket.Api", "Services\Basket\Basket.Api\Basket.Api.csproj", "{94CDDE80-E35C-4816-99C8-802EB105F2DD}"
EndProject
Project("{2150E333-8FDC-42A3-9474-1A3956D46DE8}") = "Discount", "Discount", "{611E48AD-8181-477C-9B11-E31A9F00AAE4}"
EndProject
Project("{9A19103F-16F7-4668-BE54-9A1E7A4F7556}") = "Discount.API", "Services\Discount\Discount.API\Discount.API.csproj", "{F9F49D6A-108D-4BAC-BDAE-FF642C3CF8D1}"
EndProject
Project("{9A19103F-16F7-4668-BE54-9A1E7A4F7556}") = "Discount.Grpc", "Services\Discount\Discount.Grpc\Discount.Grpc.csproj", "{FED637DA-4C7F-4AC3-9D97-B45137E3C553}"
EndProject
Project("{2150E333-8FDC-42A3-9474-1A3956D46DE8}") = "Ordering", "Ordering", "{1478D93E-F133-4AE7-84C7-985FD9E82CD3}"
EndProject
Project("{FAE04EC0-301F-11D3-BF4B-00C04F79EFBC}") = "Ordering.API", "Services\Ordering\Ordering.API\Ordering.API.csproj", "{32DBCA27-6FAB-4C34-AF6B-3363CF92EC88}"
EndProject
Project("{FAE04EC0-301F-11D3-BF4B-00C04F79EFBC}") = "Ordering.Domain", "Services\Ordering\Ordering.Domain\Ordering.Domain.csproj", "{2D4C04B4-51D7-488F-B141-7D12A5AF6E4D}"
EndProject
Project("{FAE04EC0-301F-11D3-BF4B-00C04F79EFBC}") = "Ordering.Application", "Services\Ordering\Ordering.Application\Ordering.Application.csproj", "{1DA3A0DB-7F16-4B75-8BAD-950994EA71E7}"
EndProject
Project("{FAE04EC0-301F-11D3-BF4B-00C04F79EFBC}") = "Ordering.Infrastructure", "Services\Ordering\Ordering.Infrastructure\Ordering.Infrastructure.csproj", "{E2A56AA3-A311-4024-A979-E74567E45F9F}"
EndProject
Global
	GlobalSection(SolutionConfigurationPlatforms) = preSolution
		Debug|Any CPU = Debug|Any CPU
		Release|Any CPU = Release|Any CPU
	EndGlobalSection
	GlobalSection(ProjectConfigurationPlatforms) = postSolution
		{FC3D7171-747C-4CCF-A8B6-F65AB88F9B43}.Debug|Any CPU.ActiveCfg = Debug|Any CPU
		{FC3D7171-747C-4CCF-A8B6-F65AB88F9B43}.Debug|Any CPU.Build.0 = Debug|Any CPU
		{FC3D7171-747C-4CCF-A8B6-F65AB88F9B43}.Release|Any CPU.ActiveCfg = Release|Any CPU
		{FC3D7171-747C-4CCF-A8B6-F65AB88F9B43}.Release|Any CPU.Build.0 = Release|Any CPU
		{C92B03D4-71AE-4E91-B522-A3AEF5D1E18F}.Debug|Any CPU.ActiveCfg = Debug|Any CPU
		{C92B03D4-71AE-4E91-B522-A3AEF5D1E18F}.Debug|Any CPU.Build.0 = Debug|Any CPU
		{C92B03D4-71AE-4E91-B522-A3AEF5D1E18F}.Release|Any CPU.ActiveCfg = Release|Any CPU
		{C92B03D4-71AE-4E91-B522-A3AEF5D1E18F}.Release|Any CPU.Build.0 = Release|Any CPU
		{94CDDE80-E35C-4816-99C8-802EB105F2DD}.Debug|Any CPU.ActiveCfg = Debug|Any CPU
		{94CDDE80-E35C-4816-99C8-802EB105F2DD}.Debug|Any CPU.Build.0 = Debug|Any CPU
		{94CDDE80-E35C-4816-99C8-802EB105F2DD}.Release|Any CPU.ActiveCfg = Release|Any CPU
		{94CDDE80-E35C-4816-99C8-802EB105F2DD}.Release|Any CPU.Build.0 = Release|Any CPU
		{F9F49D6A-108D-4BAC-BDAE-FF642C3CF8D1}.Debug|Any CPU.ActiveCfg = Debug|Any CPU
		{F9F49D6A-108D-4BAC-BDAE-FF642C3CF8D1}.Debug|Any CPU.Build.0 = Debug|Any CPU
		{F9F49D6A-108D-4BAC-BDAE-FF642C3CF8D1}.Release|Any CPU.ActiveCfg = Release|Any CPU
		{F9F49D6A-108D-4BAC-BDAE-FF642C3CF8D1}.Release|Any CPU.Build.0 = Release|Any CPU
		{FED637DA-4C7F-4AC3-9D97-B45137E3C553}.Debug|Any CPU.ActiveCfg = Debug|Any CPU
		{FED637DA-4C7F-4AC3-9D97-B45137E3C553}.Debug|Any CPU.Build.0 = Debug|Any CPU
		{FED637DA-4C7F-4AC3-9D97-B45137E3C553}.Release|Any CPU.ActiveCfg = Release|Any CPU
		{FED637DA-4C7F-4AC3-9D97-B45137E3C553}.Release|Any CPU.Build.0 = Release|Any CPU
		{32DBCA27-6FAB-4C34-AF6B-3363CF92EC88}.Debug|Any CPU.ActiveCfg = Debug|Any CPU
		{32DBCA27-6FAB-4C34-AF6B-3363CF92EC88}.Debug|Any CPU.Build.0 = Debug|Any CPU
		{32DBCA27-6FAB-4C34-AF6B-3363CF92EC88}.Release|Any CPU.ActiveCfg = Release|Any CPU
		{32DBCA27-6FAB-4C34-AF6B-3363CF92EC88}.Release|Any CPU.Build.0 = Release|Any CPU
		{2D4C04B4-51D7-488F-B141-7D12A5AF6E4D}.Debug|Any CPU.ActiveCfg = Debug|Any CPU
		{2D4C04B4-51D7-488F-B141-7D12A5AF6E4D}.Debug|Any CPU.Build.0 = Debug|Any CPU
		{2D4C04B4-51D7-488F-B141-7D12A5AF6E4D}.Release|Any CPU.ActiveCfg = Release|Any CPU
		{2D4C04B4-51D7-488F-B141-7D12A5AF6E4D}.Release|Any CPU.Build.0 = Release|Any CPU
		{1DA3A0DB-7F16-4B75-8BAD-950994EA71E7}.Debug|Any CPU.ActiveCfg = Debug|Any CPU
		{1DA3A0DB-7F16-4B75-8BAD-950994EA71E7}.Debug|Any CPU.Build.0 = Debug|Any CPU
		{1DA3A0DB-7F16-4B75-8BAD-950994EA71E7}.Release|Any CPU.ActiveCfg = Release|Any CPU
		{1DA3A0DB-7F16-4B75-8BAD-950994EA71E7}.Release|Any CPU.Build.0 = Release|Any CPU
		{E2A56AA3-A311-4024-A979-E74567E45F9F}.Debug|Any CPU.ActiveCfg = Debug|Any CPU
		{E2A56AA3-A311-4024-A979-E74567E45F9F}.Debug|Any CPU.Build.0 = Debug|Any CPU
		{E2A56AA3-A311-4024-A979-E74567E45F9F}.Release|Any CPU.ActiveCfg = Release|Any CPU
		{E2A56AA3-A311-4024-A979-E74567E45F9F}.Release|Any CPU.Build.0 = Release|Any CPU
	EndGlobalSection
	GlobalSection(SolutionProperties) = preSolution
		HideSolutionNode = FALSE
	EndGlobalSection
	GlobalSection(NestedProjects) = preSolution
		{2867D8F6-FDE2-4A1B-A44E-EE834545BB70} = {B0D73FCF-5D70-4AF4-91C3-7399ADF3FFDF}
		{FC3D7171-747C-4CCF-A8B6-F65AB88F9B43} = {2867D8F6-FDE2-4A1B-A44E-EE834545BB70}
		{DF5F17F2-DEB6-4AB4-BA75-E684619D423B} = {B0D73FCF-5D70-4AF4-91C3-7399ADF3FFDF}
		{94CDDE80-E35C-4816-99C8-802EB105F2DD} = {DF5F17F2-DEB6-4AB4-BA75-E684619D423B}
		{611E48AD-8181-477C-9B11-E31A9F00AAE4} = {B0D73FCF-5D70-4AF4-91C3-7399ADF3FFDF}
		{F9F49D6A-108D-4BAC-BDAE-FF642C3CF8D1} = {611E48AD-8181-477C-9B11-E31A9F00AAE4}
		{FED637DA-4C7F-4AC3-9D97-B45137E3C553} = {611E48AD-8181-477C-9B11-E31A9F00AAE4}
		{1478D93E-F133-4AE7-84C7-985FD9E82CD3} = {B0D73FCF-5D70-4AF4-91C3-7399ADF3FFDF}
		{32DBCA27-6FAB-4C34-AF6B-3363CF92EC88} = {1478D93E-F133-4AE7-84C7-985FD9E82CD3}
		{2D4C04B4-51D7-488F-B141-7D12A5AF6E4D} = {1478D93E-F133-4AE7-84C7-985FD9E82CD3}
		{1DA3A0DB-7F16-4B75-8BAD-950994EA71E7} = {1478D93E-F133-4AE7-84C7-985FD9E82CD3}
		{E2A56AA3-A311-4024-A979-E74567E45F9F} = {1478D93E-F133-4AE7-84C7-985FD9E82CD3}
	EndGlobalSection
	GlobalSection(ExtensibilityGlobals) = postSolution
		SolutionGuid = {56BF389F-C066-44D5-A6F3-148502B94304}
	EndGlobalSection
EndGlobal
